// !$*UTF8*$!
{
	archiveVersion = 1;
	classes = {
	};
	objectVersion = 46;
	objects = {

/* Begin PBXBuildFile section */
		3164777B1C10B0A00095348A /* LocationStatus.swift in Sources */ = {isa = PBXBuildFile; fileRef = 3164777A1C10B0A00095348A /* LocationStatus.swift */; };
		317F45C61BFC3745008DC1FD /* PushResponseController.swift in Sources */ = {isa = PBXBuildFile; fileRef = 317F45C51BFC3745008DC1FD /* PushResponseController.swift */; };
		3198E2C61BDB090400299E8D /* Bolts.framework in Frameworks */ = {isa = PBXBuildFile; fileRef = 3198E2C41BDB090400299E8D /* Bolts.framework */; };
		3198E2C71BDB090400299E8D /* Bolts.framework in Frameworks */ = {isa = PBXBuildFile; fileRef = 3198E2C41BDB090400299E8D /* Bolts.framework */; };
		3198E2C81BDB090400299E8D /* Bolts.framework in Frameworks */ = {isa = PBXBuildFile; fileRef = 3198E2C41BDB090400299E8D /* Bolts.framework */; };
		3198E2C91BDB090400299E8D /* Parse.framework in Frameworks */ = {isa = PBXBuildFile; fileRef = 3198E2C51BDB090400299E8D /* Parse.framework */; };
		3198E2CA1BDB090400299E8D /* Parse.framework in Frameworks */ = {isa = PBXBuildFile; fileRef = 3198E2C51BDB090400299E8D /* Parse.framework */; };
		3198E2CB1BDB090400299E8D /* Parse.framework in Frameworks */ = {isa = PBXBuildFile; fileRef = 3198E2C51BDB090400299E8D /* Parse.framework */; };
		3198E2CD1BDB095000299E8D /* AudioToolbox.framework in Frameworks */ = {isa = PBXBuildFile; fileRef = 3198E2CC1BDB095000299E8D /* AudioToolbox.framework */; };
		3198E2CF1BDB095A00299E8D /* CFNetwork.framework in Frameworks */ = {isa = PBXBuildFile; fileRef = 3198E2CE1BDB095A00299E8D /* CFNetwork.framework */; };
		3198E2D11BDB096100299E8D /* CoreGraphics.framework in Frameworks */ = {isa = PBXBuildFile; fileRef = 3198E2D01BDB096100299E8D /* CoreGraphics.framework */; };
		3198E2D31BDB096B00299E8D /* CoreLocation.framework in Frameworks */ = {isa = PBXBuildFile; fileRef = 3198E2D21BDB096B00299E8D /* CoreLocation.framework */; };
		3198E2D51BDB097000299E8D /* QuartzCore.framework in Frameworks */ = {isa = PBXBuildFile; fileRef = 3198E2D41BDB097000299E8D /* QuartzCore.framework */; };
		3198E2D71BDB097B00299E8D /* Security.framework in Frameworks */ = {isa = PBXBuildFile; fileRef = 3198E2D61BDB097B00299E8D /* Security.framework */; };
		3198E2D91BDB098100299E8D /* StoreKit.framework in Frameworks */ = {isa = PBXBuildFile; fileRef = 3198E2D81BDB098100299E8D /* StoreKit.framework */; };
		3198E2DB1BDB098D00299E8D /* SystemConfiguration.framework in Frameworks */ = {isa = PBXBuildFile; fileRef = 3198E2DA1BDB098D00299E8D /* SystemConfiguration.framework */; };
		3198E2DD1BDB099F00299E8D /* libz.tbd in Frameworks */ = {isa = PBXBuildFile; fileRef = 3198E2DC1BDB099F00299E8D /* libz.tbd */; };
		3198E2DF1BDB09AE00299E8D /* libsqlite3.tbd in Frameworks */ = {isa = PBXBuildFile; fileRef = 3198E2DE1BDB09AE00299E8D /* libsqlite3.tbd */; };
		319F257D1C55825500C10727 /* PassengerViewController.swift in Sources */ = {isa = PBXBuildFile; fileRef = 319F257C1C55825500C10727 /* PassengerViewController.swift */; };
		B52CED6E1BC31240007ABADB /* LoginViewController.swift in Sources */ = {isa = PBXBuildFile; fileRef = B52CED6C1BC31240007ABADB /* LoginViewController.swift */; };
		B52CED6F1BC31240007ABADB /* LoginViewController.swift in Sources */ = {isa = PBXBuildFile; fileRef = B52CED6C1BC31240007ABADB /* LoginViewController.swift */; };
		B52CED701BC31240007ABADB /* LoginViewController.swift in Sources */ = {isa = PBXBuildFile; fileRef = B52CED6C1BC31240007ABADB /* LoginViewController.swift */; };
		B52CED711BC31240007ABADB /* RegisterViewController.swift in Sources */ = {isa = PBXBuildFile; fileRef = B52CED6D1BC31240007ABADB /* RegisterViewController.swift */; };
		B52CED721BC31240007ABADB /* RegisterViewController.swift in Sources */ = {isa = PBXBuildFile; fileRef = B52CED6D1BC31240007ABADB /* RegisterViewController.swift */; };
		B52CED731BC31240007ABADB /* RegisterViewController.swift in Sources */ = {isa = PBXBuildFile; fileRef = B52CED6D1BC31240007ABADB /* RegisterViewController.swift */; };
		B531AE411C755ABA00BF04AE /* Connectivity.swift in Sources */ = {isa = PBXBuildFile; fileRef = B531AE401C755ABA00BF04AE /* Connectivity.swift */; };
		B531AE431C760A9100BF04AE /* SlideFromTopSegue.swift in Sources */ = {isa = PBXBuildFile; fileRef = B531AE421C760A9100BF04AE /* SlideFromTopSegue.swift */; };
		B55C4CAA1BC3113100907323 /* AppDelegate.swift in Sources */ = {isa = PBXBuildFile; fileRef = B55C4CA91BC3113100907323 /* AppDelegate.swift */; };
		B55C4CAF1BC3113100907323 /* Main.storyboard in Resources */ = {isa = PBXBuildFile; fileRef = B55C4CAD1BC3113100907323 /* Main.storyboard */; };
		B55C4CB11BC3113100907323 /* Assets.xcassets in Resources */ = {isa = PBXBuildFile; fileRef = B55C4CB01BC3113100907323 /* Assets.xcassets */; };
		B55C4CB41BC3113100907323 /* LaunchScreen.storyboard in Resources */ = {isa = PBXBuildFile; fileRef = B55C4CB21BC3113100907323 /* LaunchScreen.storyboard */; };
		B55C4CBF1BC3113200907323 /* middridesTests.swift in Sources */ = {isa = PBXBuildFile; fileRef = B55C4CBE1BC3113200907323 /* middridesTests.swift */; };
		B55C4CCA1BC3113200907323 /* middridesUITests.swift in Sources */ = {isa = PBXBuildFile; fileRef = B55C4CC91BC3113200907323 /* middridesUITests.swift */; };
		B5CEAD701C72162600101CED /* ResetPasswordViewController.swift in Sources */ = {isa = PBXBuildFile; fileRef = B5CEAD6F1C72162600101CED /* ResetPasswordViewController.swift */; };
		B5E9C0AC1BFBD2A000C97185 /* UserViewController.swift in Sources */ = {isa = PBXBuildFile; fileRef = B5E9C0AB1BFBD2A000C97185 /* UserViewController.swift */; };
		B5F4E6241C7154F700D12FBA /* ConfirmationViewController.swift in Sources */ = {isa = PBXBuildFile; fileRef = B5F4E6231C7154F700D12FBA /* ConfirmationViewController.swift */; };
		B5F785631C73CB6900136F3C /* SlideFromRightSegue.swift in Sources */ = {isa = PBXBuildFile; fileRef = B5F785621C73CB6900136F3C /* SlideFromRightSegue.swift */; };
		B5F785651C74E23400136F3C /* SlideFromLeftSegue.swift in Sources */ = {isa = PBXBuildFile; fileRef = B5F785641C74E23400136F3C /* SlideFromLeftSegue.swift */; };
		B5F785671C74E2D100136F3C /* PopInSegue.swift in Sources */ = {isa = PBXBuildFile; fileRef = B5F785661C74E2D100136F3C /* PopInSegue.swift */; };
/* End PBXBuildFile section */

/* Begin PBXContainerItemProxy section */
		B55C4CBB1BC3113200907323 /* PBXContainerItemProxy */ = {
			isa = PBXContainerItemProxy;
			containerPortal = B55C4C9E1BC3113100907323 /* Project object */;
			proxyType = 1;
			remoteGlobalIDString = B55C4CA51BC3113100907323;
			remoteInfo = middrides;
		};
		B55C4CC61BC3113200907323 /* PBXContainerItemProxy */ = {
			isa = PBXContainerItemProxy;
			containerPortal = B55C4C9E1BC3113100907323 /* Project object */;
			proxyType = 1;
			remoteGlobalIDString = B55C4CA51BC3113100907323;
			remoteInfo = middrides;
		};
/* End PBXContainerItemProxy section */

/* Begin PBXFileReference section */
		3164777A1C10B0A00095348A /* LocationStatus.swift */ = {isa = PBXFileReference; fileEncoding = 4; lastKnownFileType = sourcecode.swift; path = LocationStatus.swift; sourceTree = "<group>"; };
		317F45C51BFC3745008DC1FD /* PushResponseController.swift */ = {isa = PBXFileReference; fileEncoding = 4; lastKnownFileType = sourcecode.swift; path = PushResponseController.swift; sourceTree = "<group>"; };
		3198E2C41BDB090400299E8D /* Bolts.framework */ = {isa = PBXFileReference; lastKnownFileType = wrapper.framework; path = Bolts.framework; sourceTree = "<group>"; };
		3198E2C51BDB090400299E8D /* Parse.framework */ = {isa = PBXFileReference; lastKnownFileType = wrapper.framework; path = Parse.framework; sourceTree = "<group>"; };
		3198E2CC1BDB095000299E8D /* AudioToolbox.framework */ = {isa = PBXFileReference; lastKnownFileType = wrapper.framework; name = AudioToolbox.framework; path = System/Library/Frameworks/AudioToolbox.framework; sourceTree = SDKROOT; };
		3198E2CE1BDB095A00299E8D /* CFNetwork.framework */ = {isa = PBXFileReference; lastKnownFileType = wrapper.framework; name = CFNetwork.framework; path = System/Library/Frameworks/CFNetwork.framework; sourceTree = SDKROOT; };
		3198E2D01BDB096100299E8D /* CoreGraphics.framework */ = {isa = PBXFileReference; lastKnownFileType = wrapper.framework; name = CoreGraphics.framework; path = System/Library/Frameworks/CoreGraphics.framework; sourceTree = SDKROOT; };
		3198E2D21BDB096B00299E8D /* CoreLocation.framework */ = {isa = PBXFileReference; lastKnownFileType = wrapper.framework; name = CoreLocation.framework; path = System/Library/Frameworks/CoreLocation.framework; sourceTree = SDKROOT; };
		3198E2D41BDB097000299E8D /* QuartzCore.framework */ = {isa = PBXFileReference; lastKnownFileType = wrapper.framework; name = QuartzCore.framework; path = System/Library/Frameworks/QuartzCore.framework; sourceTree = SDKROOT; };
		3198E2D61BDB097B00299E8D /* Security.framework */ = {isa = PBXFileReference; lastKnownFileType = wrapper.framework; name = Security.framework; path = System/Library/Frameworks/Security.framework; sourceTree = SDKROOT; };
		3198E2D81BDB098100299E8D /* StoreKit.framework */ = {isa = PBXFileReference; lastKnownFileType = wrapper.framework; name = StoreKit.framework; path = System/Library/Frameworks/StoreKit.framework; sourceTree = SDKROOT; };
		3198E2DA1BDB098D00299E8D /* SystemConfiguration.framework */ = {isa = PBXFileReference; lastKnownFileType = wrapper.framework; name = SystemConfiguration.framework; path = System/Library/Frameworks/SystemConfiguration.framework; sourceTree = SDKROOT; };
		3198E2DC1BDB099F00299E8D /* libz.tbd */ = {isa = PBXFileReference; lastKnownFileType = "sourcecode.text-based-dylib-definition"; name = libz.tbd; path = usr/lib/libz.tbd; sourceTree = SDKROOT; };
		3198E2DE1BDB09AE00299E8D /* libsqlite3.tbd */ = {isa = PBXFileReference; lastKnownFileType = "sourcecode.text-based-dylib-definition"; name = libsqlite3.tbd; path = usr/lib/libsqlite3.tbd; sourceTree = SDKROOT; };
		319F257C1C55825500C10727 /* PassengerViewController.swift */ = {isa = PBXFileReference; fileEncoding = 4; lastKnownFileType = sourcecode.swift; name = PassengerViewController.swift; path = Controllers/PassengerViewController.swift; sourceTree = "<group>"; };
		B52CED6C1BC31240007ABADB /* LoginViewController.swift */ = {isa = PBXFileReference; fileEncoding = 4; lastKnownFileType = sourcecode.swift; name = LoginViewController.swift; path = Controllers/LoginViewController.swift; sourceTree = "<group>"; };
		B52CED6D1BC31240007ABADB /* RegisterViewController.swift */ = {isa = PBXFileReference; fileEncoding = 4; lastKnownFileType = sourcecode.swift; name = RegisterViewController.swift; path = Controllers/RegisterViewController.swift; sourceTree = "<group>"; };
		B531AE401C755ABA00BF04AE /* Connectivity.swift */ = {isa = PBXFileReference; fileEncoding = 4; lastKnownFileType = sourcecode.swift; path = Connectivity.swift; sourceTree = "<group>"; };
		B531AE421C760A9100BF04AE /* SlideFromTopSegue.swift */ = {isa = PBXFileReference; fileEncoding = 4; lastKnownFileType = sourcecode.swift; path = SlideFromTopSegue.swift; sourceTree = "<group>"; };
		B55C4CA61BC3113100907323 /* middrides.app */ = {isa = PBXFileReference; explicitFileType = wrapper.application; includeInIndex = 0; path = middrides.app; sourceTree = BUILT_PRODUCTS_DIR; };
		B55C4CA91BC3113100907323 /* AppDelegate.swift */ = {isa = PBXFileReference; lastKnownFileType = sourcecode.swift; path = AppDelegate.swift; sourceTree = "<group>"; };
		B55C4CAE1BC3113100907323 /* Base */ = {isa = PBXFileReference; lastKnownFileType = file.storyboard; name = Base; path = Base.lproj/Main.storyboard; sourceTree = "<group>"; };
		B55C4CB01BC3113100907323 /* Assets.xcassets */ = {isa = PBXFileReference; lastKnownFileType = folder.assetcatalog; path = Assets.xcassets; sourceTree = "<group>"; };
		B55C4CB31BC3113100907323 /* Base */ = {isa = PBXFileReference; lastKnownFileType = file.storyboard; name = Base; path = Base.lproj/LaunchScreen.storyboard; sourceTree = "<group>"; };
		B55C4CB51BC3113100907323 /* Info.plist */ = {isa = PBXFileReference; lastKnownFileType = text.plist.xml; path = Info.plist; sourceTree = "<group>"; };
		B55C4CBA1BC3113200907323 /* middridesTests.xctest */ = {isa = PBXFileReference; explicitFileType = wrapper.cfbundle; includeInIndex = 0; path = middridesTests.xctest; sourceTree = BUILT_PRODUCTS_DIR; };
		B55C4CBE1BC3113200907323 /* middridesTests.swift */ = {isa = PBXFileReference; lastKnownFileType = sourcecode.swift; path = middridesTests.swift; sourceTree = "<group>"; };
		B55C4CC01BC3113200907323 /* Info.plist */ = {isa = PBXFileReference; lastKnownFileType = text.plist.xml; path = Info.plist; sourceTree = "<group>"; };
		B55C4CC51BC3113200907323 /* middridesUITests.xctest */ = {isa = PBXFileReference; explicitFileType = wrapper.cfbundle; includeInIndex = 0; path = middridesUITests.xctest; sourceTree = BUILT_PRODUCTS_DIR; };
		B55C4CC91BC3113200907323 /* middridesUITests.swift */ = {isa = PBXFileReference; lastKnownFileType = sourcecode.swift; path = middridesUITests.swift; sourceTree = "<group>"; };
		B55C4CCB1BC3113200907323 /* Info.plist */ = {isa = PBXFileReference; lastKnownFileType = text.plist.xml; path = Info.plist; sourceTree = "<group>"; };
		B5CEAD6F1C72162600101CED /* ResetPasswordViewController.swift */ = {isa = PBXFileReference; fileEncoding = 4; lastKnownFileType = sourcecode.swift; name = ResetPasswordViewController.swift; path = Controllers/ResetPasswordViewController.swift; sourceTree = "<group>"; };
		B5E9C0AB1BFBD2A000C97185 /* UserViewController.swift */ = {isa = PBXFileReference; fileEncoding = 4; lastKnownFileType = sourcecode.swift; name = UserViewController.swift; path = Controllers/UserViewController.swift; sourceTree = "<group>"; };
		B5F4E6231C7154F700D12FBA /* ConfirmationViewController.swift */ = {isa = PBXFileReference; fileEncoding = 4; lastKnownFileType = sourcecode.swift; name = ConfirmationViewController.swift; path = Controllers/ConfirmationViewController.swift; sourceTree = "<group>"; };
		B5F785621C73CB6900136F3C /* SlideFromRightSegue.swift */ = {isa = PBXFileReference; fileEncoding = 4; lastKnownFileType = sourcecode.swift; path = SlideFromRightSegue.swift; sourceTree = "<group>"; };
		B5F785641C74E23400136F3C /* SlideFromLeftSegue.swift */ = {isa = PBXFileReference; fileEncoding = 4; lastKnownFileType = sourcecode.swift; path = SlideFromLeftSegue.swift; sourceTree = "<group>"; };
		B5F785661C74E2D100136F3C /* PopInSegue.swift */ = {isa = PBXFileReference; fileEncoding = 4; lastKnownFileType = sourcecode.swift; path = PopInSegue.swift; sourceTree = "<group>"; };
/* End PBXFileReference section */

/* Begin PBXFrameworksBuildPhase section */
		B55C4CA31BC3113100907323 /* Frameworks */ = {
			isa = PBXFrameworksBuildPhase;
			buildActionMask = 2147483647;
			files = (
				3198E2DF1BDB09AE00299E8D /* libsqlite3.tbd in Frameworks */,
				3198E2DD1BDB099F00299E8D /* libz.tbd in Frameworks */,
				3198E2DB1BDB098D00299E8D /* SystemConfiguration.framework in Frameworks */,
				3198E2D91BDB098100299E8D /* StoreKit.framework in Frameworks */,
				3198E2D71BDB097B00299E8D /* Security.framework in Frameworks */,
				3198E2D51BDB097000299E8D /* QuartzCore.framework in Frameworks */,
				3198E2D31BDB096B00299E8D /* CoreLocation.framework in Frameworks */,
				3198E2D11BDB096100299E8D /* CoreGraphics.framework in Frameworks */,
				3198E2CF1BDB095A00299E8D /* CFNetwork.framework in Frameworks */,
				3198E2CD1BDB095000299E8D /* AudioToolbox.framework in Frameworks */,
				3198E2C91BDB090400299E8D /* Parse.framework in Frameworks */,
				3198E2C61BDB090400299E8D /* Bolts.framework in Frameworks */,
			);
			runOnlyForDeploymentPostprocessing = 0;
		};
		B55C4CB71BC3113200907323 /* Frameworks */ = {
			isa = PBXFrameworksBuildPhase;
			buildActionMask = 2147483647;
			files = (
				3198E2CA1BDB090400299E8D /* Parse.framework in Frameworks */,
				3198E2C71BDB090400299E8D /* Bolts.framework in Frameworks */,
			);
			runOnlyForDeploymentPostprocessing = 0;
		};
		B55C4CC21BC3113200907323 /* Frameworks */ = {
			isa = PBXFrameworksBuildPhase;
			buildActionMask = 2147483647;
			files = (
				3198E2CB1BDB090400299E8D /* Parse.framework in Frameworks */,
				3198E2C81BDB090400299E8D /* Bolts.framework in Frameworks */,
			);
			runOnlyForDeploymentPostprocessing = 0;
		};
/* End PBXFrameworksBuildPhase section */

/* Begin PBXGroup section */
		32552A531C7B9ECF00A3F892 /* Segues */ = {
			isa = PBXGroup;
			children = (
				B5F785621C73CB6900136F3C /* SlideFromRightSegue.swift */,
				B531AE421C760A9100BF04AE /* SlideFromTopSegue.swift */,
				B5F785641C74E23400136F3C /* SlideFromLeftSegue.swift */,
				B5F785661C74E2D100136F3C /* PopInSegue.swift */,
			);
			name = Segues;
			sourceTree = "<group>";
		};
		327307E31C7425C00061510E /* Utils */ = {
			isa = PBXGroup;
			children = (
				B531AE401C755ABA00BF04AE /* Connectivity.swift */,
			);
			name = Utils;
			sourceTree = "<group>";
		};
		B52CED741BC3125A007ABADB /* Controllers */ = {
			isa = PBXGroup;
			children = (
				B5CEAD6F1C72162600101CED /* ResetPasswordViewController.swift */,
				319F257C1C55825500C10727 /* PassengerViewController.swift */,
				B52CED6C1BC31240007ABADB /* LoginViewController.swift */,
				B5E9C0AB1BFBD2A000C97185 /* UserViewController.swift */,
				B52CED6D1BC31240007ABADB /* RegisterViewController.swift */,
				3164777A1C10B0A00095348A /* LocationStatus.swift */,
				B5F4E6231C7154F700D12FBA /* ConfirmationViewController.swift */,
			);
			name = Controllers;
			sourceTree = "<group>";
		};
		B55C4C9D1BC3113100907323 = {
			isa = PBXGroup;
			children = (
				3198E2DE1BDB09AE00299E8D /* libsqlite3.tbd */,
				3198E2DC1BDB099F00299E8D /* libz.tbd */,
				3198E2DA1BDB098D00299E8D /* SystemConfiguration.framework */,
				3198E2D81BDB098100299E8D /* StoreKit.framework */,
				3198E2D61BDB097B00299E8D /* Security.framework */,
				3198E2D41BDB097000299E8D /* QuartzCore.framework */,
				3198E2D21BDB096B00299E8D /* CoreLocation.framework */,
				3198E2D01BDB096100299E8D /* CoreGraphics.framework */,
				3198E2CE1BDB095A00299E8D /* CFNetwork.framework */,
				3198E2CC1BDB095000299E8D /* AudioToolbox.framework */,
				3198E2C41BDB090400299E8D /* Bolts.framework */,
				3198E2C51BDB090400299E8D /* Parse.framework */,
				B55C4CA81BC3113100907323 /* middrides */,
				B55C4CBD1BC3113200907323 /* middridesTests */,
				B55C4CC81BC3113200907323 /* middridesUITests */,
				B55C4CA71BC3113100907323 /* Products */,
			);
			sourceTree = "<group>";
		};
		B55C4CA71BC3113100907323 /* Products */ = {
			isa = PBXGroup;
			children = (
				B55C4CA61BC3113100907323 /* middrides.app */,
				B55C4CBA1BC3113200907323 /* middridesTests.xctest */,
				B55C4CC51BC3113200907323 /* middridesUITests.xctest */,
			);
			name = Products;
			sourceTree = "<group>";
		};
		B55C4CA81BC3113100907323 /* middrides */ = {
			isa = PBXGroup;
			children = (
				32552A531C7B9ECF00A3F892 /* Segues */,
				327307E31C7425C00061510E /* Utils */,
				B52CED741BC3125A007ABADB /* Controllers */,
				B55C4CA91BC3113100907323 /* AppDelegate.swift */,
				317F45C51BFC3745008DC1FD /* PushResponseController.swift */,
				B55C4CAD1BC3113100907323 /* Main.storyboard */,
				B55C4CB01BC3113100907323 /* Assets.xcassets */,
				B55C4CB21BC3113100907323 /* LaunchScreen.storyboard */,
				B55C4CB51BC3113100907323 /* Info.plist */,
			);
			path = middrides;
			sourceTree = "<group>";
		};
		B55C4CBD1BC3113200907323 /* middridesTests */ = {
			isa = PBXGroup;
			children = (
				B55C4CBE1BC3113200907323 /* middridesTests.swift */,
				B55C4CC01BC3113200907323 /* Info.plist */,
			);
			path = middridesTests;
			sourceTree = "<group>";
		};
		B55C4CC81BC3113200907323 /* middridesUITests */ = {
			isa = PBXGroup;
			children = (
				B55C4CC91BC3113200907323 /* middridesUITests.swift */,
				B55C4CCB1BC3113200907323 /* Info.plist */,
			);
			path = middridesUITests;
			sourceTree = "<group>";
		};
/* End PBXGroup section */

/* Begin PBXNativeTarget section */
		B55C4CA51BC3113100907323 /* middrides */ = {
			isa = PBXNativeTarget;
			buildConfigurationList = B55C4CCE1BC3113200907323 /* Build configuration list for PBXNativeTarget "middrides" */;
			buildPhases = (
				B55C4CA21BC3113100907323 /* Sources */,
				B55C4CA31BC3113100907323 /* Frameworks */,
				B55C4CA41BC3113100907323 /* Resources */,
			);
			buildRules = (
			);
			dependencies = (
			);
			name = middrides;
			productName = middrides;
			productReference = B55C4CA61BC3113100907323 /* middrides.app */;
			productType = "com.apple.product-type.application";
		};
		B55C4CB91BC3113200907323 /* middridesTests */ = {
			isa = PBXNativeTarget;
			buildConfigurationList = B55C4CD11BC3113200907323 /* Build configuration list for PBXNativeTarget "middridesTests" */;
			buildPhases = (
				B55C4CB61BC3113200907323 /* Sources */,
				B55C4CB71BC3113200907323 /* Frameworks */,
				B55C4CB81BC3113200907323 /* Resources */,
			);
			buildRules = (
			);
			dependencies = (
				B55C4CBC1BC3113200907323 /* PBXTargetDependency */,
			);
			name = middridesTests;
			productName = middridesTests;
			productReference = B55C4CBA1BC3113200907323 /* middridesTests.xctest */;
			productType = "com.apple.product-type.bundle.unit-test";
		};
		B55C4CC41BC3113200907323 /* middridesUITests */ = {
			isa = PBXNativeTarget;
			buildConfigurationList = B55C4CD41BC3113200907323 /* Build configuration list for PBXNativeTarget "middridesUITests" */;
			buildPhases = (
				B55C4CC11BC3113200907323 /* Sources */,
				B55C4CC21BC3113200907323 /* Frameworks */,
				B55C4CC31BC3113200907323 /* Resources */,
			);
			buildRules = (
			);
			dependencies = (
				B55C4CC71BC3113200907323 /* PBXTargetDependency */,
			);
			name = middridesUITests;
			productName = middridesUITests;
			productReference = B55C4CC51BC3113200907323 /* middridesUITests.xctest */;
			productType = "com.apple.product-type.bundle.ui-testing";
		};
/* End PBXNativeTarget section */

/* Begin PBXProject section */
		B55C4C9E1BC3113100907323 /* Project object */ = {
			isa = PBXProject;
			attributes = {
				LastUpgradeCheck = 0700;
				ORGANIZATIONNAME = "Ben Brown";
				TargetAttributes = {
					B55C4CA51BC3113100907323 = {
						CreatedOnToolsVersion = 7.0.1;
						DevelopmentTeam = 596PXJ43BR;
						SystemCapabilities = {
							com.apple.BackgroundModes = {
								enabled = 1;
							};
							com.apple.Push = {
								enabled = 1;
							};
						};
					};
					B55C4CB91BC3113200907323 = {
						CreatedOnToolsVersion = 7.0.1;
						TestTargetID = B55C4CA51BC3113100907323;
					};
					B55C4CC41BC3113200907323 = {
						CreatedOnToolsVersion = 7.0.1;
						TestTargetID = B55C4CA51BC3113100907323;
					};
				};
			};
			buildConfigurationList = B55C4CA11BC3113100907323 /* Build configuration list for PBXProject "middrides" */;
			compatibilityVersion = "Xcode 3.2";
			developmentRegion = English;
			hasScannedForEncodings = 0;
			knownRegions = (
				en,
				Base,
			);
			mainGroup = B55C4C9D1BC3113100907323;
			productRefGroup = B55C4CA71BC3113100907323 /* Products */;
			projectDirPath = "";
			projectRoot = "";
			targets = (
				B55C4CA51BC3113100907323 /* middrides */,
				B55C4CB91BC3113200907323 /* middridesTests */,
				B55C4CC41BC3113200907323 /* middridesUITests */,
			);
		};
/* End PBXProject section */

/* Begin PBXResourcesBuildPhase section */
		B55C4CA41BC3113100907323 /* Resources */ = {
			isa = PBXResourcesBuildPhase;
			buildActionMask = 2147483647;
			files = (
				B55C4CB41BC3113100907323 /* LaunchScreen.storyboard in Resources */,
				B55C4CB11BC3113100907323 /* Assets.xcassets in Resources */,
				B55C4CAF1BC3113100907323 /* Main.storyboard in Resources */,
			);
			runOnlyForDeploymentPostprocessing = 0;
		};
		B55C4CB81BC3113200907323 /* Resources */ = {
			isa = PBXResourcesBuildPhase;
			buildActionMask = 2147483647;
			files = (
			);
			runOnlyForDeploymentPostprocessing = 0;
		};
		B55C4CC31BC3113200907323 /* Resources */ = {
			isa = PBXResourcesBuildPhase;
			buildActionMask = 2147483647;
			files = (
			);
			runOnlyForDeploymentPostprocessing = 0;
		};
/* End PBXResourcesBuildPhase section */

/* Begin PBXSourcesBuildPhase section */
		B55C4CA21BC3113100907323 /* Sources */ = {
			isa = PBXSourcesBuildPhase;
			buildActionMask = 2147483647;
			files = (
				317F45C61BFC3745008DC1FD /* PushResponseController.swift in Sources */,
				B52CED711BC31240007ABADB /* RegisterViewController.swift in Sources */,
				B5F785671C74E2D100136F3C /* PopInSegue.swift in Sources */,
				B5E9C0AC1BFBD2A000C97185 /* UserViewController.swift in Sources */,
				B5CEAD701C72162600101CED /* ResetPasswordViewController.swift in Sources */,
				B52CED6E1BC31240007ABADB /* LoginViewController.swift in Sources */,
				3164777B1C10B0A00095348A /* LocationStatus.swift in Sources */,
				B55C4CAA1BC3113100907323 /* AppDelegate.swift in Sources */,
				B531AE411C755ABA00BF04AE /* Connectivity.swift in Sources */,
				B5F785651C74E23400136F3C /* SlideFromLeftSegue.swift in Sources */,
				B5F4E6241C7154F700D12FBA /* ConfirmationViewController.swift in Sources */,
				B531AE431C760A9100BF04AE /* SlideFromTopSegue.swift in Sources */,
				319F257D1C55825500C10727 /* PassengerViewController.swift in Sources */,
				B5F785631C73CB6900136F3C /* SlideFromRightSegue.swift in Sources */,
			);
			runOnlyForDeploymentPostprocessing = 0;
		};
		B55C4CB61BC3113200907323 /* Sources */ = {
			isa = PBXSourcesBuildPhase;
			buildActionMask = 2147483647;
			files = (
				B52CED721BC31240007ABADB /* RegisterViewController.swift in Sources */,
				B52CED6F1BC31240007ABADB /* LoginViewController.swift in Sources */,
				B55C4CBF1BC3113200907323 /* middridesTests.swift in Sources */,
			);
			runOnlyForDeploymentPostprocessing = 0;
		};
		B55C4CC11BC3113200907323 /* Sources */ = {
			isa = PBXSourcesBuildPhase;
			buildActionMask = 2147483647;
			files = (
				B52CED731BC31240007ABADB /* RegisterViewController.swift in Sources */,
				B52CED701BC31240007ABADB /* LoginViewController.swift in Sources */,
				B55C4CCA1BC3113200907323 /* middridesUITests.swift in Sources */,
			);
			runOnlyForDeploymentPostprocessing = 0;
		};
/* End PBXSourcesBuildPhase section */

/* Begin PBXTargetDependency section */
		B55C4CBC1BC3113200907323 /* PBXTargetDependency */ = {
			isa = PBXTargetDependency;
			target = B55C4CA51BC3113100907323 /* middrides */;
			targetProxy = B55C4CBB1BC3113200907323 /* PBXContainerItemProxy */;
		};
		B55C4CC71BC3113200907323 /* PBXTargetDependency */ = {
			isa = PBXTargetDependency;
			target = B55C4CA51BC3113100907323 /* middrides */;
			targetProxy = B55C4CC61BC3113200907323 /* PBXContainerItemProxy */;
		};
/* End PBXTargetDependency section */

/* Begin PBXVariantGroup section */
		B55C4CAD1BC3113100907323 /* Main.storyboard */ = {
			isa = PBXVariantGroup;
			children = (
				B55C4CAE1BC3113100907323 /* Base */,
			);
			name = Main.storyboard;
			sourceTree = "<group>";
		};
		B55C4CB21BC3113100907323 /* LaunchScreen.storyboard */ = {
			isa = PBXVariantGroup;
			children = (
				B55C4CB31BC3113100907323 /* Base */,
			);
			name = LaunchScreen.storyboard;
			sourceTree = "<group>";
		};
/* End PBXVariantGroup section */

/* Begin XCBuildConfiguration section */
		B55C4CCC1BC3113200907323 /* Debug */ = {
			isa = XCBuildConfiguration;
			buildSettings = {
				ALWAYS_SEARCH_USER_PATHS = NO;
				CLANG_CXX_LANGUAGE_STANDARD = "gnu++0x";
				CLANG_CXX_LIBRARY = "libc++";
				CLANG_ENABLE_MODULES = YES;
				CLANG_ENABLE_OBJC_ARC = YES;
				CLANG_WARN_BOOL_CONVERSION = YES;
				CLANG_WARN_CONSTANT_CONVERSION = YES;
				CLANG_WARN_DIRECT_OBJC_ISA_USAGE = YES_ERROR;
				CLANG_WARN_EMPTY_BODY = YES;
				CLANG_WARN_ENUM_CONVERSION = YES;
				CLANG_WARN_INT_CONVERSION = YES;
				CLANG_WARN_OBJC_ROOT_CLASS = YES_ERROR;
				CLANG_WARN_UNREACHABLE_CODE = YES;
				CLANG_WARN__DUPLICATE_METHOD_MATCH = YES;
				"CODE_SIGN_IDENTITY[sdk=iphoneos*]" = "iPhone Developer";
				COPY_PHASE_STRIP = NO;
				DEBUG_INFORMATION_FORMAT = dwarf;
				ENABLE_STRICT_OBJC_MSGSEND = YES;
				ENABLE_TESTABILITY = YES;
				GCC_C_LANGUAGE_STANDARD = gnu99;
				GCC_DYNAMIC_NO_PIC = NO;
				GCC_NO_COMMON_BLOCKS = YES;
				GCC_OPTIMIZATION_LEVEL = 0;
				GCC_PREPROCESSOR_DEFINITIONS = (
					"DEBUG=1",
					"$(inherited)",
				);
				GCC_WARN_64_TO_32_BIT_CONVERSION = YES;
				GCC_WARN_ABOUT_RETURN_TYPE = YES_ERROR;
				GCC_WARN_UNDECLARED_SELECTOR = YES;
				GCC_WARN_UNINITIALIZED_AUTOS = YES_AGGRESSIVE;
				GCC_WARN_UNUSED_FUNCTION = YES;
				GCC_WARN_UNUSED_VARIABLE = YES;
				IPHONEOS_DEPLOYMENT_TARGET = 9.0;
				MTL_ENABLE_DEBUG_INFO = YES;
				ONLY_ACTIVE_ARCH = YES;
				SDKROOT = iphoneos;
				SWIFT_OPTIMIZATION_LEVEL = "-Onone";
				TARGETED_DEVICE_FAMILY = "1,2";
			};
			name = Debug;
		};
		B55C4CCD1BC3113200907323 /* Release */ = {
			isa = XCBuildConfiguration;
			buildSettings = {
				ALWAYS_SEARCH_USER_PATHS = NO;
				CLANG_CXX_LANGUAGE_STANDARD = "gnu++0x";
				CLANG_CXX_LIBRARY = "libc++";
				CLANG_ENABLE_MODULES = YES;
				CLANG_ENABLE_OBJC_ARC = YES;
				CLANG_WARN_BOOL_CONVERSION = YES;
				CLANG_WARN_CONSTANT_CONVERSION = YES;
				CLANG_WARN_DIRECT_OBJC_ISA_USAGE = YES_ERROR;
				CLANG_WARN_EMPTY_BODY = YES;
				CLANG_WARN_ENUM_CONVERSION = YES;
				CLANG_WARN_INT_CONVERSION = YES;
				CLANG_WARN_OBJC_ROOT_CLASS = YES_ERROR;
				CLANG_WARN_UNREACHABLE_CODE = YES;
				CLANG_WARN__DUPLICATE_METHOD_MATCH = YES;
				"CODE_SIGN_IDENTITY[sdk=iphoneos*]" = "iPhone Developer";
				COPY_PHASE_STRIP = NO;
				DEBUG_INFORMATION_FORMAT = "dwarf-with-dsym";
				ENABLE_NS_ASSERTIONS = NO;
				ENABLE_STRICT_OBJC_MSGSEND = YES;
				GCC_C_LANGUAGE_STANDARD = gnu99;
				GCC_NO_COMMON_BLOCKS = YES;
				GCC_WARN_64_TO_32_BIT_CONVERSION = YES;
				GCC_WARN_ABOUT_RETURN_TYPE = YES_ERROR;
				GCC_WARN_UNDECLARED_SELECTOR = YES;
				GCC_WARN_UNINITIALIZED_AUTOS = YES_AGGRESSIVE;
				GCC_WARN_UNUSED_FUNCTION = YES;
				GCC_WARN_UNUSED_VARIABLE = YES;
				IPHONEOS_DEPLOYMENT_TARGET = 9.0;
				MTL_ENABLE_DEBUG_INFO = NO;
				SDKROOT = iphoneos;
				TARGETED_DEVICE_FAMILY = "1,2";
				VALIDATE_PRODUCT = YES;
			};
			name = Release;
		};
		B55C4CCF1BC3113200907323 /* Debug */ = {
			isa = XCBuildConfiguration;
			buildSettings = {
				ASSETCATALOG_COMPILER_APPICON_NAME = AppIcon;
				CODE_SIGN_IDENTITY = "iPhone Developer";
				"CODE_SIGN_IDENTITY[sdk=iphoneos*]" = "iPhone Developer";
				FRAMEWORK_SEARCH_PATHS = (
					"$(inherited)",
					"$(PROJECT_DIR)",
				);
				INFOPLIST_FILE = middrides/Info.plist;
				LD_RUNPATH_SEARCH_PATHS = "$(inherited) @executable_path/Frameworks";
				PRODUCT_BUNDLE_IDENTIFIER = middleendian.middrides;
				PRODUCT_NAME = "$(TARGET_NAME)";
				PROVISIONING_PROFILE = "";
			};
			name = Debug;
		};
		B55C4CD01BC3113200907323 /* Release */ = {
			isa = XCBuildConfiguration;
			buildSettings = {
				ASSETCATALOG_COMPILER_APPICON_NAME = AppIcon;
				CODE_SIGN_IDENTITY = "iPhone Developer";
				"CODE_SIGN_IDENTITY[sdk=iphoneos*]" = "iPhone Developer";
				FRAMEWORK_SEARCH_PATHS = (
					"$(inherited)",
					"$(PROJECT_DIR)",
				);
				INFOPLIST_FILE = middrides/Info.plist;
				LD_RUNPATH_SEARCH_PATHS = "$(inherited) @executable_path/Frameworks";
				PRODUCT_BUNDLE_IDENTIFIER = middleendian.middrides;
				PRODUCT_NAME = "$(TARGET_NAME)";
				PROVISIONING_PROFILE = "";
			};
			name = Release;
		};
		B55C4CD21BC3113200907323 /* Debug */ = {
			isa = XCBuildConfiguration;
			buildSettings = {
				BUNDLE_LOADER = "$(TEST_HOST)";
				FRAMEWORK_SEARCH_PATHS = (
					"$(inherited)",
					"$(PROJECT_DIR)",
				);
				INFOPLIST_FILE = middridesTests/Info.plist;
				LD_RUNPATH_SEARCH_PATHS = "$(inherited) @executable_path/Frameworks @loader_path/Frameworks";
				PRODUCT_BUNDLE_IDENTIFIER = middleendian.middridesTests;
				PRODUCT_NAME = "$(TARGET_NAME)";
				TEST_HOST = "$(BUILT_PRODUCTS_DIR)/middrides.app/middrides";
			};
			name = Debug;
		};
		B55C4CD31BC3113200907323 /* Release */ = {
			isa = XCBuildConfiguration;
			buildSettings = {
				BUNDLE_LOADER = "$(TEST_HOST)";
				FRAMEWORK_SEARCH_PATHS = (
					"$(inherited)",
					"$(PROJECT_DIR)",
				);
				INFOPLIST_FILE = middridesTests/Info.plist;
				LD_RUNPATH_SEARCH_PATHS = "$(inherited) @executable_path/Frameworks @loader_path/Frameworks";
				PRODUCT_BUNDLE_IDENTIFIER = middleendian.middridesTests;
				PRODUCT_NAME = "$(TARGET_NAME)";
				TEST_HOST = "$(BUILT_PRODUCTS_DIR)/middrides.app/middrides";
			};
			name = Release;
		};
		B55C4CD51BC3113200907323 /* Debug */ = {
			isa = XCBuildConfiguration;
			buildSettings = {
				FRAMEWORK_SEARCH_PATHS = (
					"$(inherited)",
					"$(PROJECT_DIR)",
				);
				INFOPLIST_FILE = middridesUITests/Info.plist;
				LD_RUNPATH_SEARCH_PATHS = "$(inherited) @executable_path/Frameworks @loader_path/Frameworks";
				PRODUCT_BUNDLE_IDENTIFIER = middleendian.middridesUITests;
				PRODUCT_NAME = "$(TARGET_NAME)";
				TEST_TARGET_NAME = middrides;
				USES_XCTRUNNER = YES;
			};
			name = Debug;
		};
		B55C4CD61BC3113200907323 /* Release */ = {
			isa = XCBuildConfiguration;
			buildSettings = {
				FRAMEWORK_SEARCH_PATHS = (
					"$(inherited)",
					"$(PROJECT_DIR)",
				);
				INFOPLIST_FILE = middridesUITests/Info.plist;
				LD_RUNPATH_SEARCH_PATHS = "$(inherited) @executable_path/Frameworks @loader_path/Frameworks";
				PRODUCT_BUNDLE_IDENTIFIER = middleendian.middridesUITests;
				PRODUCT_NAME = "$(TARGET_NAME)";
				TEST_TARGET_NAME = middrides;
				USES_XCTRUNNER = YES;
			};
			name = Release;
		};
/* End XCBuildConfiguration section */

/* Begin XCConfigurationList section */
		B55C4CA11BC3113100907323 /* Build configuration list for PBXProject "middrides" */ = {
			isa = XCConfigurationList;
			buildConfigurations = (
				B55C4CCC1BC3113200907323 /* Debug */,
				B55C4CCD1BC3113200907323 /* Release */,
			);
			defaultConfigurationIsVisible = 0;
			defaultConfigurationName = Release;
		};
		B55C4CCE1BC3113200907323 /* Build configuration list for PBXNativeTarget "middrides" */ = {
			isa = XCConfigurationList;
			buildConfigurations = (
				B55C4CCF1BC3113200907323 /* Debug */,
				B55C4CD01BC3113200907323 /* Release */,
			);
			defaultConfigurationIsVisible = 0;
			defaultConfigurationName = Release;
		};
		B55C4CD11BC3113200907323 /* Build configuration list for PBXNativeTarget "middridesTests" */ = {
			isa = XCConfigurationList;
			buildConfigurations = (
				B55C4CD21BC3113200907323 /* Debug */,
				B55C4CD31BC3113200907323 /* Release */,
			);
			defaultConfigurationIsVisible = 0;
			defaultConfigurationName = Release;
		};
		B55C4CD41BC3113200907323 /* Build configuration list for PBXNativeTarget "middridesUITests" */ = {
			isa = XCConfigurationList;
			buildConfigurations = (
				B55C4CD51BC3113200907323 /* Debug */,
				B55C4CD61BC3113200907323 /* Release */,
			);
			defaultConfigurationIsVisible = 0;
			defaultConfigurationName = Release;
		};
/* End XCConfigurationList section */
	};
	rootObject = B55C4C9E1BC3113100907323 /* Project object */;
}
